
Microsoft Visual Studio Solution File, Format Version 12.00
# Visual Studio Version 16
VisualStudioVersion = 16.0.32901.82
MinimumVisualStudioVersion = 10.0.40219.1
Project("{FAE04EC0-301F-11D3-BF4B-00C04F79EFBC}") = "WebApplication1", "WebApplication1\WebApplication1.csproj", "{0199CB69-9A9A-46C3-AE42-A7711C9E197A}"
EndProject
Global
	GlobalSection(SolutionConfigurationPlatforms) = preSolution
		Debug|Any CPU = Debug|Any CPU
		Release|Any CPU = Release|Any CPU
	EndGlobalSection
	GlobalSection(ProjectConfigurationPlatforms) = postSolution
		{0199CB69-9A9A-46C3-AE42-A7711C9E197A}.Debug|Any CPU.ActiveCfg = Debug|Any CPU
		{0199CB69-9A9A-46C3-AE42-A7711C9E197A}.Debug|Any CPU.Build.0 = Debug|Any CPU
		{0199CB69-9A9A-46C3-AE42-A7711C9E197A}.Release|Any CPU.ActiveCfg = Release|Any CPU
		{0199CB69-9A9A-46C3-AE42-A7711C9E197A}.Release|Any CPU.Build.0 = Release|Any CPU
	EndGlobalSection
	GlobalSection(SolutionProperties) = preSolution
		HideSolutionNode = FALSE
	EndGlobalSection
	GlobalSection(ExtensibilityGlobals) = postSolution
		SolutionGuid = {222FBD1A-6E2C-4E64-9EE7-097D09E46A4A}
	EndGlobalSection
EndGlobal
